
Microsoft Visual Studio Solution File, Format Version 12.00
# Visual Studio Version 16
VisualStudioVersion = 16.0.31005.135
MinimumVisualStudioVersion = 10.0.40219.1
Project("{2150E333-8FDC-42A3-9474-1A3956D46DE8}") = "Presentation", "Presentation", "{621AE1FA-58E8-4F3B-B196-FADADFEC99AA}"
EndProject
Project("{2150E333-8FDC-42A3-9474-1A3956D46DE8}") = "Application", "Application", "{610FE908-A8E3-4E36-8204-37313F107677}"
EndProject
Project("{2150E333-8FDC-42A3-9474-1A3956D46DE8}") = "Domain", "Domain", "{975F0283-4164-43D2-9439-F37FA45E631A}"
EndProject
Project("{2150E333-8FDC-42A3-9474-1A3956D46DE8}") = "Infra", "Infra", "{550ADC8F-1BB3-45D0-B638-2B47E0C1D8C2}"
EndProject
Project("{2150E333-8FDC-42A3-9474-1A3956D46DE8}") = "Entities", "Entities", "{8D82CB32-1035-4A9F-BDD2-D2A370B327CD}"
EndProject
Project("{FAE04EC0-301F-11D3-BF4B-00C04F79EFBC}") = "GestaoMais.Entities", "GestaoMais.Entities\GestaoMais.Entities.csproj", "{5371CBBC-FCD9-43AD-84EB-3D38D706E44C}"
EndProject
Global
	GlobalSection(SolutionConfigurationPlatforms) = preSolution
		Debug|Any CPU = Debug|Any CPU
		Release|Any CPU = Release|Any CPU
	EndGlobalSection
	GlobalSection(ProjectConfigurationPlatforms) = postSolution
		{5371CBBC-FCD9-43AD-84EB-3D38D706E44C}.Debug|Any CPU.ActiveCfg = Debug|Any CPU
		{5371CBBC-FCD9-43AD-84EB-3D38D706E44C}.Debug|Any CPU.Build.0 = Debug|Any CPU
		{5371CBBC-FCD9-43AD-84EB-3D38D706E44C}.Release|Any CPU.ActiveCfg = Release|Any CPU
		{5371CBBC-FCD9-43AD-84EB-3D38D706E44C}.Release|Any CPU.Build.0 = Release|Any CPU
	EndGlobalSection
	GlobalSection(SolutionProperties) = preSolution
		HideSolutionNode = FALSE
	EndGlobalSection
	GlobalSection(NestedProjects) = preSolution
		{5371CBBC-FCD9-43AD-84EB-3D38D706E44C} = {8D82CB32-1035-4A9F-BDD2-D2A370B327CD}
	EndGlobalSection
	GlobalSection(ExtensibilityGlobals) = postSolution
		SolutionGuid = {974FBCE3-006E-4220-946C-8A3D8A0BCF98}
	EndGlobalSection
EndGlobal
